
Microsoft Visual Studio Solution File, Format Version 12.00
# Visual Studio 15
VisualStudioVersion = 15.0.27703.2042
MinimumVisualStudioVersion = 10.0.40219.1
Project("{E24C65DC-7377-472B-9ABA-BC803B73C61A}") = "Hotel Management System", "Hotel Management System\", "{5C402CA3-08E8-41F9-B651-72F9EC892298}"
	ProjectSection(WebsiteProperties) = preProject
		TargetFrameworkMoniker = ".NETFramework,Version%3Dv4.6.1"
		Debug.AspNetCompiler.VirtualPath = "/localhost_56263"
		Debug.AspNetCompiler.PhysicalPath = "Hotel Management System\"
		Debug.AspNetCompiler.TargetPath = "PrecompiledWeb\localhost_56263\"
		Debug.AspNetCompiler.Updateable = "true"
		Debug.AspNetCompiler.ForceOverwrite = "true"
		Debug.AspNetCompiler.FixedNames = "false"
		Debug.AspNetCompiler.Debug = "True"
		Release.AspNetCompiler.VirtualPath = "/localhost_56263"
		Release.AspNetCompiler.PhysicalPath = "Hotel Management System\"
		Release.AspNetCompiler.TargetPath = "PrecompiledWeb\localhost_56263\"
		Release.AspNetCompiler.Updateable = "true"
		Release.AspNetCompiler.ForceOverwrite = "true"
		Release.AspNetCompiler.FixedNames = "false"
		Release.AspNetCompiler.Debug = "False"
		VWDPort = "56263"
		SlnRelativePath = "Hotel Management System\"
		DefaultWebSiteLanguage = "Visual C#"
	EndProjectSection
EndProject
Global
	GlobalSection(SolutionConfigurationPlatforms) = preSolution
		Debug|Any CPU = Debug|Any CPU
	EndGlobalSection
	GlobalSection(ProjectConfigurationPlatforms) = postSolution
		{5C402CA3-08E8-41F9-B651-72F9EC892298}.Debug|Any CPU.ActiveCfg = Debug|Any CPU
		{5C402CA3-08E8-41F9-B651-72F9EC892298}.Debug|Any CPU.Build.0 = Debug|Any CPU
	EndGlobalSection
	GlobalSection(SolutionProperties) = preSolution
		HideSolutionNode = FALSE
	EndGlobalSection
	GlobalSection(ExtensibilityGlobals) = postSolution
		SolutionGuid = {E5072EDD-A586-4AFA-869A-125AEBD3E9C6}
	EndGlobalSection
EndGlobal
